
Microsoft Visual Studio Solution File, Format Version 12.00
# Visual Studio Version 17
VisualStudioVersion = 17.14.36127.28
MinimumVisualStudioVersion = 10.0.40219.1
Project("{FAE04EC0-301F-11D3-BF4B-00C04F79EFBC}") = "BasicConfiguration", "BasicConfiguration\BasicConfiguration.csproj", "{E58B538D-9533-4EA3-A7DD-F2557E910D9F}"
EndProject
Project("{FAE04EC0-301F-11D3-BF4B-00C04F79EFBC}") = "AdvancedConfiguration", "AdvancedConfiguration\AdvancedConfiguration.csproj", "{64C636EF-72FD-4B49-B720-5B9A794C2F67}"
EndProject
Project("{2150E333-8FDC-42A3-9474-1A3956D46DE8}") = "Clients", "Clients", "{6C83A596-D32D-B35F-00DD-F0C99B673980}"
EndProject
Project("{FAE04EC0-301F-11D3-BF4B-00C04F79EFBC}") = "BlazorClient", "Clients\BlazorClient\BlazorClient\BlazorClient.csproj", "{AFAC61C5-A7C8-42A2-87E2-C741046DA5B1}"
EndProject
Project("{FAE04EC0-301F-11D3-BF4B-00C04F79EFBC}") = "BlazorClient.Client", "Clients\BlazorClient\BlazorClient.Client\BlazorClient.Client.csproj", "{719DB2DB-4E09-499A-981E-C84C249B1A69}"
EndProject
Project("{FAE04EC0-301F-11D3-BF4B-00C04F79EFBC}") = "MvcClient", "Clients\MvcClient\MvcClient.csproj", "{949915BA-00E6-49AF-98ED-0E5C686CED9B}"
EndProject
Project("{FAE04EC0-301F-11D3-BF4B-00C04F79EFBC}") = "WebApi", "Clients\WebApi\WebApi.csproj", "{7F918120-5BAE-49A5-B072-A4C1C11CCBEF}"
EndProject
Project("{FAE04EC0-301F-11D3-BF4B-00C04F79EFBC}") = "BlazorClient.Shared", "Clients\BlazorClient\BlazorClient.Shared\BlazorClient.Shared.csproj", "{35172BC7-15D3-4790-AE26-D5CA2195A7BC}"
EndProject
Project("{2150E333-8FDC-42A3-9474-1A3956D46DE8}") = "Elementi di soluzione", "Elementi di soluzione", "{9DF70304-0A22-CE1E-AA12-D5904EE55694}"
	ProjectSection(SolutionItems) = preProject
		README.md = README.md
	EndProjectSection
EndProject
Project("{2150E333-8FDC-42A3-9474-1A3956D46DE8}") = "ClientCredentialFlow", "ClientCredentialFlow", "{C2FA2CD7-E513-40ED-8054-7B560AF6ADA7}"
EndProject
Project("{FAE04EC0-301F-11D3-BF4B-00C04F79EFBC}") = "ConsoleClient", "Clients\ClientCredentialFlow\ConsoleClient\ConsoleClient.csproj", "{FCAFAC7C-5861-4CEA-98ED-BAF3507E6E87}"
EndProject
Project("{2150E333-8FDC-42A3-9474-1A3956D46DE8}") = "DeviceAuthorizationFlow", "DeviceAuthorizationFlow", "{4BEFE34D-3AD5-436F-9058-89FEB627AF8C}"
EndProject
Project("{FAE04EC0-301F-11D3-BF4B-00C04F79EFBC}") = "ConsoleClient", "Clients\DeviceAuthorizationFlow\ConsoleClient\ConsoleClient.csproj", "{5146A989-E1B4-4D38-A07B-8D9DB694E022}"
EndProject
Project("{2150E333-8FDC-42A3-9474-1A3956D46DE8}") = "ResourceOwnerPassword", "ResourceOwnerPassword", "{3EB591C5-C315-402B-822F-2889AF84F99A}"
EndProject
Project("{FAE04EC0-301F-11D3-BF4B-00C04F79EFBC}") = "ConsoleClient", "Clients\ResourceOwnerPassword\ClientConsole\ConsoleClient.csproj", "{C0805410-0E19-49EC-9D33-126111DC3AF1}"
EndProject
Project("{2150E333-8FDC-42A3-9474-1A3956D46DE8}") = "BlazorClient", "BlazorClient", "{A1EA261C-99DA-4558-9403-6923E219A980}"
EndProject
Project("{2150E333-8FDC-42A3-9474-1A3956D46DE8}") = "MvcClient", "MvcClient", "{B41CB4EC-D967-44D4-A165-6F58EA2AC7A2}"
EndProject
Project("{2150E333-8FDC-42A3-9474-1A3956D46DE8}") = "WebApi", "WebApi", "{7B39424A-FDED-4884-9D5B-117C7887A2DD}"
EndProject
Global
	GlobalSection(SolutionConfigurationPlatforms) = preSolution
		Debug|Any CPU = Debug|Any CPU
		Release|Any CPU = Release|Any CPU
	EndGlobalSection
	GlobalSection(ProjectConfigurationPlatforms) = postSolution
		{E58B538D-9533-4EA3-A7DD-F2557E910D9F}.Debug|Any CPU.ActiveCfg = Debug|Any CPU
		{E58B538D-9533-4EA3-A7DD-F2557E910D9F}.Debug|Any CPU.Build.0 = Debug|Any CPU
		{E58B538D-9533-4EA3-A7DD-F2557E910D9F}.Release|Any CPU.ActiveCfg = Release|Any CPU
		{E58B538D-9533-4EA3-A7DD-F2557E910D9F}.Release|Any CPU.Build.0 = Release|Any CPU
		{64C636EF-72FD-4B49-B720-5B9A794C2F67}.Debug|Any CPU.ActiveCfg = Debug|Any CPU
		{64C636EF-72FD-4B49-B720-5B9A794C2F67}.Debug|Any CPU.Build.0 = Debug|Any CPU
		{64C636EF-72FD-4B49-B720-5B9A794C2F67}.Release|Any CPU.ActiveCfg = Release|Any CPU
		{64C636EF-72FD-4B49-B720-5B9A794C2F67}.Release|Any CPU.Build.0 = Release|Any CPU
		{AFAC61C5-A7C8-42A2-87E2-C741046DA5B1}.Debug|Any CPU.ActiveCfg = Debug|Any CPU
		{AFAC61C5-A7C8-42A2-87E2-C741046DA5B1}.Debug|Any CPU.Build.0 = Debug|Any CPU
		{AFAC61C5-A7C8-42A2-87E2-C741046DA5B1}.Release|Any CPU.ActiveCfg = Release|Any CPU
		{AFAC61C5-A7C8-42A2-87E2-C741046DA5B1}.Release|Any CPU.Build.0 = Release|Any CPU
		{719DB2DB-4E09-499A-981E-C84C249B1A69}.Debug|Any CPU.ActiveCfg = Debug|Any CPU
		{719DB2DB-4E09-499A-981E-C84C249B1A69}.Debug|Any CPU.Build.0 = Debug|Any CPU
		{719DB2DB-4E09-499A-981E-C84C249B1A69}.Release|Any CPU.ActiveCfg = Release|Any CPU
		{719DB2DB-4E09-499A-981E-C84C249B1A69}.Release|Any CPU.Build.0 = Release|Any CPU
		{949915BA-00E6-49AF-98ED-0E5C686CED9B}.Debug|Any CPU.ActiveCfg = Debug|Any CPU
		{949915BA-00E6-49AF-98ED-0E5C686CED9B}.Debug|Any CPU.Build.0 = Debug|Any CPU
		{949915BA-00E6-49AF-98ED-0E5C686CED9B}.Release|Any CPU.ActiveCfg = Release|Any CPU
		{949915BA-00E6-49AF-98ED-0E5C686CED9B}.Release|Any CPU.Build.0 = Release|Any CPU
		{7F918120-5BAE-49A5-B072-A4C1C11CCBEF}.Debug|Any CPU.ActiveCfg = Debug|Any CPU
		{7F918120-5BAE-49A5-B072-A4C1C11CCBEF}.Debug|Any CPU.Build.0 = Debug|Any CPU
		{7F918120-5BAE-49A5-B072-A4C1C11CCBEF}.Release|Any CPU.ActiveCfg = Release|Any CPU
		{7F918120-5BAE-49A5-B072-A4C1C11CCBEF}.Release|Any CPU.Build.0 = Release|Any CPU
		{35172BC7-15D3-4790-AE26-D5CA2195A7BC}.Debug|Any CPU.ActiveCfg = Debug|Any CPU
		{35172BC7-15D3-4790-AE26-D5CA2195A7BC}.Debug|Any CPU.Build.0 = Debug|Any CPU
		{35172BC7-15D3-4790-AE26-D5CA2195A7BC}.Release|Any CPU.ActiveCfg = Release|Any CPU
		{35172BC7-15D3-4790-AE26-D5CA2195A7BC}.Release|Any CPU.Build.0 = Release|Any CPU
		{FCAFAC7C-5861-4CEA-98ED-BAF3507E6E87}.Debug|Any CPU.ActiveCfg = Debug|Any CPU
		{FCAFAC7C-5861-4CEA-98ED-BAF3507E6E87}.Debug|Any CPU.Build.0 = Debug|Any CPU
		{FCAFAC7C-5861-4CEA-98ED-BAF3507E6E87}.Release|Any CPU.ActiveCfg = Release|Any CPU
		{FCAFAC7C-5861-4CEA-98ED-BAF3507E6E87}.Release|Any CPU.Build.0 = Release|Any CPU
		{5146A989-E1B4-4D38-A07B-8D9DB694E022}.Debug|Any CPU.ActiveCfg = Debug|Any CPU
		{5146A989-E1B4-4D38-A07B-8D9DB694E022}.Debug|Any CPU.Build.0 = Debug|Any CPU
		{5146A989-E1B4-4D38-A07B-8D9DB694E022}.Release|Any CPU.ActiveCfg = Release|Any CPU
		{5146A989-E1B4-4D38-A07B-8D9DB694E022}.Release|Any CPU.Build.0 = Release|Any CPU
		{C0805410-0E19-49EC-9D33-126111DC3AF1}.Debug|Any CPU.ActiveCfg = Debug|Any CPU
		{C0805410-0E19-49EC-9D33-126111DC3AF1}.Debug|Any CPU.Build.0 = Debug|Any CPU
		{C0805410-0E19-49EC-9D33-126111DC3AF1}.Release|Any CPU.ActiveCfg = Release|Any CPU
		{C0805410-0E19-49EC-9D33-126111DC3AF1}.Release|Any CPU.Build.0 = Release|Any CPU
	EndGlobalSection
	GlobalSection(SolutionProperties) = preSolution
		HideSolutionNode = FALSE
	EndGlobalSection
	GlobalSection(NestedProjects) = preSolution
		{AFAC61C5-A7C8-42A2-87E2-C741046DA5B1} = {A1EA261C-99DA-4558-9403-6923E219A980}
		{719DB2DB-4E09-499A-981E-C84C249B1A69} = {A1EA261C-99DA-4558-9403-6923E219A980}
		{949915BA-00E6-49AF-98ED-0E5C686CED9B} = {B41CB4EC-D967-44D4-A165-6F58EA2AC7A2}
		{7F918120-5BAE-49A5-B072-A4C1C11CCBEF} = {7B39424A-FDED-4884-9D5B-117C7887A2DD}
		{35172BC7-15D3-4790-AE26-D5CA2195A7BC} = {A1EA261C-99DA-4558-9403-6923E219A980}
		{C2FA2CD7-E513-40ED-8054-7B560AF6ADA7} = {6C83A596-D32D-B35F-00DD-F0C99B673980}
		{FCAFAC7C-5861-4CEA-98ED-BAF3507E6E87} = {C2FA2CD7-E513-40ED-8054-7B560AF6ADA7}
		{4BEFE34D-3AD5-436F-9058-89FEB627AF8C} = {6C83A596-D32D-B35F-00DD-F0C99B673980}
		{5146A989-E1B4-4D38-A07B-8D9DB694E022} = {4BEFE34D-3AD5-436F-9058-89FEB627AF8C}
		{3EB591C5-C315-402B-822F-2889AF84F99A} = {6C83A596-D32D-B35F-00DD-F0C99B673980}
		{C0805410-0E19-49EC-9D33-126111DC3AF1} = {3EB591C5-C315-402B-822F-2889AF84F99A}
		{A1EA261C-99DA-4558-9403-6923E219A980} = {6C83A596-D32D-B35F-00DD-F0C99B673980}
		{B41CB4EC-D967-44D4-A165-6F58EA2AC7A2} = {6C83A596-D32D-B35F-00DD-F0C99B673980}
		{7B39424A-FDED-4884-9D5B-117C7887A2DD} = {6C83A596-D32D-B35F-00DD-F0C99B673980}
	EndGlobalSection
	GlobalSection(ExtensibilityGlobals) = postSolution
		SolutionGuid = {6AF78184-D7BE-46DA-9B80-51435AE2AA6D}
	EndGlobalSection
EndGlobal
